
Microsoft Visual Studio Solution File, Format Version 12.00
# Visual Studio 15
Project("{FAE04EC0-301F-11D3-BF4B-00C04F79EFBC}") = "RustWebApplication.Core", "RustWebApplication.Core\RustWebApplication.Core.csproj", "{069F3B86-3F10-4562-9D04-919F86B6EAF8}"
EndProject
Project("{2150E333-8FDC-42A3-9474-1A3956D46DE8}") = "Core", "Core", "{AEAC5A6E-FDE8-4031-B899-5A29B850D039}"
EndProject
Project("{2150E333-8FDC-42A3-9474-1A3956D46DE8}") = "Infrastructure", "Infrastructure", "{C4595903-4BB4-4D2D-9D26-BA1E2CDCFA3B}"
EndProject
Project("{2150E333-8FDC-42A3-9474-1A3956D46DE8}") = "UI", "UI", "{D442194C-2E85-4485-BD26-C8DE56A7BA74}"
EndProject
Project("{FAE04EC0-301F-11D3-BF4B-00C04F79EFBC}") = "RustWebApplication.Core.Entity", "RustWebApplication.Core.Entity\RustWebApplication.Core.Entity.csproj", "{A5ACE1E2-3B8A-4DE6-B1B8-EF0D82753F5E}"
EndProject
Global
	GlobalSection(SolutionConfigurationPlatforms) = preSolution
		Debug|Any CPU = Debug|Any CPU
		Release|Any CPU = Release|Any CPU
	EndGlobalSection
	GlobalSection(ProjectConfigurationPlatforms) = postSolution
		{069F3B86-3F10-4562-9D04-919F86B6EAF8}.Debug|Any CPU.ActiveCfg = Debug|Any CPU
		{069F3B86-3F10-4562-9D04-919F86B6EAF8}.Debug|Any CPU.Build.0 = Debug|Any CPU
		{069F3B86-3F10-4562-9D04-919F86B6EAF8}.Release|Any CPU.ActiveCfg = Release|Any CPU
		{069F3B86-3F10-4562-9D04-919F86B6EAF8}.Release|Any CPU.Build.0 = Release|Any CPU
		{A5ACE1E2-3B8A-4DE6-B1B8-EF0D82753F5E}.Debug|Any CPU.ActiveCfg = Debug|Any CPU
		{A5ACE1E2-3B8A-4DE6-B1B8-EF0D82753F5E}.Debug|Any CPU.Build.0 = Debug|Any CPU
		{A5ACE1E2-3B8A-4DE6-B1B8-EF0D82753F5E}.Release|Any CPU.ActiveCfg = Release|Any CPU
		{A5ACE1E2-3B8A-4DE6-B1B8-EF0D82753F5E}.Release|Any CPU.Build.0 = Release|Any CPU
	EndGlobalSection
	GlobalSection(NestedProjects) = preSolution
		{069F3B86-3F10-4562-9D04-919F86B6EAF8} = {AEAC5A6E-FDE8-4031-B899-5A29B850D039}
		{A5ACE1E2-3B8A-4DE6-B1B8-EF0D82753F5E} = {AEAC5A6E-FDE8-4031-B899-5A29B850D039}
	EndGlobalSection
EndGlobal
